// !$*UTF8*$!
{
	archiveVersion = 1;
	classes = {
	};
	objectVersion = 55;
	objects = {

/* Begin PBXBuildFile section */
		A540A56E28DF38BA00A51139 /* HomeView.swift in Sources */ = {isa = PBXBuildFile; fileRef = A540A56D28DF38B900A51139 /* HomeView.swift */; };
		A540A57028DF38C400A51139 /* HomeViewModel.swift in Sources */ = {isa = PBXBuildFile; fileRef = A540A56F28DF38C400A51139 /* HomeViewModel.swift */; };
		A540A57228DF38DA00A51139 /* SettingsViewModel.swift in Sources */ = {isa = PBXBuildFile; fileRef = A540A57128DF38DA00A51139 /* SettingsViewModel.swift */; };
		A540A57428DF392A00A51139 /* CardView.swift in Sources */ = {isa = PBXBuildFile; fileRef = A540A57328DF392A00A51139 /* CardView.swift */; };
		A540A57628DF524700A51139 /* ProduceDataService.swift in Sources */ = {isa = PBXBuildFile; fileRef = A540A57528DF524700A51139 /* ProduceDataService.swift */; };
		A540A57828DF526800A51139 /* DataServiceProtocol.swift in Sources */ = {isa = PBXBuildFile; fileRef = A540A57728DF526800A51139 /* DataServiceProtocol.swift */; };
		A540A58028DF69CE00A51139 /* MockDataService.swift in Sources */ = {isa = PBXBuildFile; fileRef = A540A57F28DF69CE00A51139 /* MockDataService.swift */; };
		A566ABD62760B2660091DD78 /* Aleo-Regular.ttf in Resources */ = {isa = PBXBuildFile; fileRef = A566ABD52760B2660091DD78 /* Aleo-Regular.ttf */; };
		A579ECB92778B5B4001D5859 /* Aleo-Bold.ttf in Resources */ = {isa = PBXBuildFile; fileRef = A579ECB82778B5B4001D5859 /* Aleo-Bold.ttf */; };
		A59353B72752AF3A00DEE1ED /* FamPlanApp.swift in Sources */ = {isa = PBXBuildFile; fileRef = A59353B62752AF3A00DEE1ED /* FamPlanApp.swift */; };
		A59353B92752AF3A00DEE1ED /* ContentView.swift in Sources */ = {isa = PBXBuildFile; fileRef = A59353B82752AF3A00DEE1ED /* ContentView.swift */; };
		A59353BB2752AF3B00DEE1ED /* Assets.xcassets in Resources */ = {isa = PBXBuildFile; fileRef = A59353BA2752AF3B00DEE1ED /* Assets.xcassets */; };
		A59353BE2752AF3B00DEE1ED /* Preview Assets.xcassets in Resources */ = {isa = PBXBuildFile; fileRef = A59353BD2752AF3B00DEE1ED /* Preview Assets.xcassets */; };
		A59F29372760B89200EFC9A0 /* Aleo-Light.ttf in Resources */ = {isa = PBXBuildFile; fileRef = A59F29362760B88E00EFC9A0 /* Aleo-Light.ttf */; };
		A5F0A8E22765F59800DD47D5 /* Settings.swift in Sources */ = {isa = PBXBuildFile; fileRef = A5F0A8E12765F59800DD47D5 /* Settings.swift */; };
		A5F547992759228E0074A3AF /* Influencer.swift in Sources */ = {isa = PBXBuildFile; fileRef = A5F547982759228E0074A3AF /* Influencer.swift */; };
/* End PBXBuildFile section */

/* Begin PBXFileReference section */
		A540A56D28DF38B900A51139 /* HomeView.swift */ = {isa = PBXFileReference; lastKnownFileType = sourcecode.swift; path = HomeView.swift; sourceTree = "<group>"; };
		A540A56F28DF38C400A51139 /* HomeViewModel.swift */ = {isa = PBXFileReference; lastKnownFileType = sourcecode.swift; path = HomeViewModel.swift; sourceTree = "<group>"; };
		A540A57128DF38DA00A51139 /* SettingsViewModel.swift */ = {isa = PBXFileReference; lastKnownFileType = sourcecode.swift; path = SettingsViewModel.swift; sourceTree = "<group>"; };
		A540A57328DF392A00A51139 /* CardView.swift */ = {isa = PBXFileReference; lastKnownFileType = sourcecode.swift; path = CardView.swift; sourceTree = "<group>"; };
		A540A57528DF524700A51139 /* ProduceDataService.swift */ = {isa = PBXFileReference; lastKnownFileType = sourcecode.swift; path = ProduceDataService.swift; sourceTree = "<group>"; };
		A540A57728DF526800A51139 /* DataServiceProtocol.swift */ = {isa = PBXFileReference; lastKnownFileType = sourcecode.swift; path = DataServiceProtocol.swift; sourceTree = "<group>"; };
		A540A57F28DF69CE00A51139 /* MockDataService.swift */ = {isa = PBXFileReference; lastKnownFileType = sourcecode.swift; path = MockDataService.swift; sourceTree = "<group>"; };
		A566ABD52760B2660091DD78 /* Aleo-Regular.ttf */ = {isa = PBXFileReference; lastKnownFileType = file; path = "Aleo-Regular.ttf"; sourceTree = "<group>"; };
		A576F04B275EA51A004FC151 /* Info.plist */ = {isa = PBXFileReference; lastKnownFileType = text.plist; path = Info.plist; sourceTree = "<group>"; };
		A579ECB82778B5B4001D5859 /* Aleo-Bold.ttf */ = {isa = PBXFileReference; lastKnownFileType = file; path = "Aleo-Bold.ttf"; sourceTree = "<group>"; };
		A59353B32752AF3A00DEE1ED /* FamPlan.app */ = {isa = PBXFileReference; explicitFileType = wrapper.application; includeInIndex = 0; path = FamPlan.app; sourceTree = BUILT_PRODUCTS_DIR; };
		A59353B62752AF3A00DEE1ED /* FamPlanApp.swift */ = {isa = PBXFileReference; lastKnownFileType = sourcecode.swift; path = FamPlanApp.swift; sourceTree = "<group>"; };
		A59353B82752AF3A00DEE1ED /* ContentView.swift */ = {isa = PBXFileReference; lastKnownFileType = sourcecode.swift; path = ContentView.swift; sourceTree = "<group>"; };
		A59353BA2752AF3B00DEE1ED /* Assets.xcassets */ = {isa = PBXFileReference; lastKnownFileType = folder.assetcatalog; path = Assets.xcassets; sourceTree = "<group>"; };
		A59353BD2752AF3B00DEE1ED /* Preview Assets.xcassets */ = {isa = PBXFileReference; lastKnownFileType = folder.assetcatalog; path = "Preview Assets.xcassets"; sourceTree = "<group>"; };
		A59F29362760B88E00EFC9A0 /* Aleo-Light.ttf */ = {isa = PBXFileReference; lastKnownFileType = file; path = "Aleo-Light.ttf"; sourceTree = "<group>"; };
		A5F0A8E12765F59800DD47D5 /* Settings.swift */ = {isa = PBXFileReference; lastKnownFileType = sourcecode.swift; path = Settings.swift; sourceTree = "<group>"; };
		A5F547982759228E0074A3AF /* Influencer.swift */ = {isa = PBXFileReference; lastKnownFileType = sourcecode.swift; path = Influencer.swift; sourceTree = "<group>"; };
/* End PBXFileReference section */

/* Begin PBXFrameworksBuildPhase section */
		A59353B02752AF3A00DEE1ED /* Frameworks */ = {
			isa = PBXFrameworksBuildPhase;
			buildActionMask = 2147483647;
			files = (
			);
			runOnlyForDeploymentPostprocessing = 0;
		};
/* End PBXFrameworksBuildPhase section */

/* Begin PBXGroup section */
		A540A57928DF53A500A51139 /* Protocols */ = {
			isa = PBXGroup;
			children = (
				A540A57728DF526800A51139 /* DataServiceProtocol.swift */,
			);
			path = Protocols;
			sourceTree = "<group>";
		};
		A540A57B28DF53F200A51139 /* ViewModels */ = {
			isa = PBXGroup;
			children = (
				A540A56F28DF38C400A51139 /* HomeViewModel.swift */,
				A540A57128DF38DA00A51139 /* SettingsViewModel.swift */,
			);
			path = ViewModels;
			sourceTree = "<group>";
		};
		A540A57C28DF540600A51139 /* DataService */ = {
			isa = PBXGroup;
			children = (
				A540A57528DF524700A51139 /* ProduceDataService.swift */,
				A540A57F28DF69CE00A51139 /* MockDataService.swift */,
			);
			path = DataService;
			sourceTree = "<group>";
		};
		A540A57D28DF541800A51139 /* Home */ = {
			isa = PBXGroup;
			children = (
				A540A56D28DF38B900A51139 /* HomeView.swift */,
				A540A57328DF392A00A51139 /* CardView.swift */,
			);
			name = Home;
			sourceTree = "<group>";
		};
		A540A57E28DF542200A51139 /* Settings */ = {
			isa = PBXGroup;
			children = (
				A5F0A8E12765F59800DD47D5 /* Settings.swift */,
			);
			name = Settings;
			sourceTree = "<group>";
		};
		A576F045275E9CCE004FC151 /* Model */ = {
			isa = PBXGroup;
			children = (
				A5F547982759228E0074A3AF /* Influencer.swift */,
			);
			path = Model;
			sourceTree = "<group>";
		};
		A579ECB72778B589001D5859 /* Views */ = {
			isa = PBXGroup;
			children = (
				A540A57D28DF541800A51139 /* Home */,
				A540A57E28DF542200A51139 /* Settings */,
			);
			path = Views;
			sourceTree = "<group>";
		};
		A579ECBA2778B5BD001D5859 /* Fonts */ = {
			isa = PBXGroup;
			children = (
				A566ABD52760B2660091DD78 /* Aleo-Regular.ttf */,
				A579ECB82778B5B4001D5859 /* Aleo-Bold.ttf */,
				A59F29362760B88E00EFC9A0 /* Aleo-Light.ttf */,
			);
			path = Fonts;
			sourceTree = "<group>";
		};
		A59353AA2752AF3A00DEE1ED = {
			isa = PBXGroup;
			children = (
				A59353B52752AF3A00DEE1ED /* FamPlan */,
				A59353B42752AF3A00DEE1ED /* Products */,
			);
			sourceTree = "<group>";
		};
		A59353B42752AF3A00DEE1ED /* Products */ = {
			isa = PBXGroup;
			children = (
				A59353B32752AF3A00DEE1ED /* FamPlan.app */,
			);
			name = Products;
			sourceTree = "<group>";
		};
		A59353B52752AF3A00DEE1ED /* FamPlan */ = {
			isa = PBXGroup;
			children = (
				A576F04B275EA51A004FC151 /* Info.plist */,
				A59353B62752AF3A00DEE1ED /* FamPlanApp.swift */,
				A59353B82752AF3A00DEE1ED /* ContentView.swift */,
				A540A57C28DF540600A51139 /* DataService */,
				A579ECB72778B589001D5859 /* Views */,
				A540A57B28DF53F200A51139 /* ViewModels */,
				A540A57928DF53A500A51139 /* Protocols */,
				A576F045275E9CCE004FC151 /* Model */,
				A59353BA2752AF3B00DEE1ED /* Assets.xcassets */,
				A579ECBA2778B5BD001D5859 /* Fonts */,
				A59353BC2752AF3B00DEE1ED /* Preview Content */,
			);
			path = FamPlan;
			sourceTree = "<group>";
		};
		A59353BC2752AF3B00DEE1ED /* Preview Content */ = {
			isa = PBXGroup;
			children = (
				A59353BD2752AF3B00DEE1ED /* Preview Assets.xcassets */,
			);
			path = "Preview Content";
			sourceTree = "<group>";
		};
/* End PBXGroup section */

/* Begin PBXNativeTarget section */
		A59353B22752AF3A00DEE1ED /* FamPlan */ = {
			isa = PBXNativeTarget;
			buildConfigurationList = A59353C62752AF3B00DEE1ED /* Build configuration list for PBXNativeTarget "FamPlan" */;
			buildPhases = (
				A59353AF2752AF3A00DEE1ED /* Sources */,
				A59353B02752AF3A00DEE1ED /* Frameworks */,
				A59353B12752AF3A00DEE1ED /* Resources */,
			);
			buildRules = (
			);
			dependencies = (
			);
			name = FamPlan;
			productName = FamPlan;
			productReference = A59353B32752AF3A00DEE1ED /* FamPlan.app */;
			productType = "com.apple.product-type.application";
		};
/* End PBXNativeTarget section */

/* Begin PBXProject section */
		A59353AB2752AF3A00DEE1ED /* Project object */ = {
			isa = PBXProject;
			attributes = {
				BuildIndependentTargetsInParallel = 1;
				LastSwiftUpdateCheck = 1300;
				LastUpgradeCheck = 1300;
				TargetAttributes = {
					A59353B22752AF3A00DEE1ED = {
						CreatedOnToolsVersion = 13.0;
					};
				};
			};
			buildConfigurationList = A59353AE2752AF3A00DEE1ED /* Build configuration list for PBXProject "FamPlan" */;
			compatibilityVersion = "Xcode 13.0";
			developmentRegion = en;
			hasScannedForEncodings = 0;
			knownRegions = (
				en,
				Base,
			);
			mainGroup = A59353AA2752AF3A00DEE1ED;
			productRefGroup = A59353B42752AF3A00DEE1ED /* Products */;
			projectDirPath = "";
			projectRoot = "";
			targets = (
				A59353B22752AF3A00DEE1ED /* FamPlan */,
			);
		};
/* End PBXProject section */

/* Begin PBXResourcesBuildPhase section */
		A59353B12752AF3A00DEE1ED /* Resources */ = {
			isa = PBXResourcesBuildPhase;
			buildActionMask = 2147483647;
			files = (
				A59353BE2752AF3B00DEE1ED /* Preview Assets.xcassets in Resources */,
				A59F29372760B89200EFC9A0 /* Aleo-Light.ttf in Resources */,
				A579ECB92778B5B4001D5859 /* Aleo-Bold.ttf in Resources */,
				A566ABD62760B2660091DD78 /* Aleo-Regular.ttf in Resources */,
				A59353BB2752AF3B00DEE1ED /* Assets.xcassets in Resources */,
			);
			runOnlyForDeploymentPostprocessing = 0;
		};
/* End PBXResourcesBuildPhase section */

/* Begin PBXSourcesBuildPhase section */
		A59353AF2752AF3A00DEE1ED /* Sources */ = {
			isa = PBXSourcesBuildPhase;
			buildActionMask = 2147483647;
			files = (
				A5F547992759228E0074A3AF /* Influencer.swift in Sources */,
				A540A57028DF38C400A51139 /* HomeViewModel.swift in Sources */,
				A59353B92752AF3A00DEE1ED /* ContentView.swift in Sources */,
				A540A58028DF69CE00A51139 /* MockDataService.swift in Sources */,
				A59353B72752AF3A00DEE1ED /* FamPlanApp.swift in Sources */,
				A540A56E28DF38BA00A51139 /* HomeView.swift in Sources */,
				A540A57828DF526800A51139 /* DataServiceProtocol.swift in Sources */,
				A5F0A8E22765F59800DD47D5 /* Settings.swift in Sources */,
				A540A57628DF524700A51139 /* ProduceDataService.swift in Sources */,
				A540A57428DF392A00A51139 /* CardView.swift in Sources */,
				A540A57228DF38DA00A51139 /* SettingsViewModel.swift in Sources */,
			);
			runOnlyForDeploymentPostprocessing = 0;
		};
/* End PBXSourcesBuildPhase section */

/* Begin XCBuildConfiguration section */
		A59353C42752AF3B00DEE1ED /* Debug */ = {
			isa = XCBuildConfiguration;
			buildSettings = {
				ALWAYS_SEARCH_USER_PATHS = NO;
				CLANG_ANALYZER_NONNULL = YES;
				CLANG_ANALYZER_NUMBER_OBJECT_CONVERSION = YES_AGGRESSIVE;
				CLANG_CXX_LANGUAGE_STANDARD = "gnu++17";
				CLANG_CXX_LIBRARY = "libc++";
				CLANG_ENABLE_MODULES = YES;
				CLANG_ENABLE_OBJC_ARC = YES;
				CLANG_ENABLE_OBJC_WEAK = YES;
				CLANG_WARN_BLOCK_CAPTURE_AUTORELEASING = YES;
				CLANG_WARN_BOOL_CONVERSION = YES;
				CLANG_WARN_COMMA = YES;
				CLANG_WARN_CONSTANT_CONVERSION = YES;
				CLANG_WARN_DEPRECATED_OBJC_IMPLEMENTATIONS = YES;
				CLANG_WARN_DIRECT_OBJC_ISA_USAGE = YES_ERROR;
				CLANG_WARN_DOCUMENTATION_COMMENTS = YES;
				CLANG_WARN_EMPTY_BODY = YES;
				CLANG_WARN_ENUM_CONVERSION = YES;
				CLANG_WARN_INFINITE_RECURSION = YES;
				CLANG_WARN_INT_CONVERSION = YES;
				CLANG_WARN_NON_LITERAL_NULL_CONVERSION = YES;
				CLANG_WARN_OBJC_IMPLICIT_RETAIN_SELF = YES;
				CLANG_WARN_OBJC_LITERAL_CONVERSION = YES;
				CLANG_WARN_OBJC_ROOT_CLASS = YES_ERROR;
				CLANG_WARN_QUOTED_INCLUDE_IN_FRAMEWORK_HEADER = YES;
				CLANG_WARN_RANGE_LOOP_ANALYSIS = YES;
				CLANG_WARN_STRICT_PROTOTYPES = YES;
				CLANG_WARN_SUSPICIOUS_MOVE = YES;
				CLANG_WARN_UNGUARDED_AVAILABILITY = YES_AGGRESSIVE;
				CLANG_WARN_UNREACHABLE_CODE = YES;
				CLANG_WARN__DUPLICATE_METHOD_MATCH = YES;
				COPY_PHASE_STRIP = NO;
				DEBUG_INFORMATION_FORMAT = dwarf;
				ENABLE_STRICT_OBJC_MSGSEND = YES;
				ENABLE_TESTABILITY = YES;
				GCC_C_LANGUAGE_STANDARD = gnu11;
				GCC_DYNAMIC_NO_PIC = NO;
				GCC_NO_COMMON_BLOCKS = YES;
				GCC_OPTIMIZATION_LEVEL = 0;
				GCC_PREPROCESSOR_DEFINITIONS = (
					"DEBUG=1",
					"$(inherited)",
				);
				GCC_WARN_64_TO_32_BIT_CONVERSION = YES;
				GCC_WARN_ABOUT_RETURN_TYPE = YES_ERROR;
				GCC_WARN_UNDECLARED_SELECTOR = YES;
				GCC_WARN_UNINITIALIZED_AUTOS = YES_AGGRESSIVE;
				GCC_WARN_UNUSED_FUNCTION = YES;
				GCC_WARN_UNUSED_VARIABLE = YES;
				IPHONEOS_DEPLOYMENT_TARGET = 15.0;
				MTL_ENABLE_DEBUG_INFO = INCLUDE_SOURCE;
				MTL_FAST_MATH = YES;
				ONLY_ACTIVE_ARCH = YES;
				SDKROOT = iphoneos;
				SWIFT_ACTIVE_COMPILATION_CONDITIONS = DEBUG;
				SWIFT_OPTIMIZATION_LEVEL = "-Onone";
			};
			name = Debug;
		};
		A59353C52752AF3B00DEE1ED /* Release */ = {
			isa = XCBuildConfiguration;
			buildSettings = {
				ALWAYS_SEARCH_USER_PATHS = NO;
				CLANG_ANALYZER_NONNULL = YES;
				CLANG_ANALYZER_NUMBER_OBJECT_CONVERSION = YES_AGGRESSIVE;
				CLANG_CXX_LANGUAGE_STANDARD = "gnu++17";
				CLANG_CXX_LIBRARY = "libc++";
				CLANG_ENABLE_MODULES = YES;
				CLANG_ENABLE_OBJC_ARC = YES;
				CLANG_ENABLE_OBJC_WEAK = YES;
				CLANG_WARN_BLOCK_CAPTURE_AUTORELEASING = YES;
				CLANG_WARN_BOOL_CONVERSION = YES;
				CLANG_WARN_COMMA = YES;
				CLANG_WARN_CONSTANT_CONVERSION = YES;
				CLANG_WARN_DEPRECATED_OBJC_IMPLEMENTATIONS = YES;
				CLANG_WARN_DIRECT_OBJC_ISA_USAGE = YES_ERROR;
				CLANG_WARN_DOCUMENTATION_COMMENTS = YES;
				CLANG_WARN_EMPTY_BODY = YES;
				CLANG_WARN_ENUM_CONVERSION = YES;
				CLANG_WARN_INFINITE_RECURSION = YES;
				CLANG_WARN_INT_CONVERSION = YES;
				CLANG_WARN_NON_LITERAL_NULL_CONVERSION = YES;
				CLANG_WARN_OBJC_IMPLICIT_RETAIN_SELF = YES;
				CLANG_WARN_OBJC_LITERAL_CONVERSION = YES;
				CLANG_WARN_OBJC_ROOT_CLASS = YES_ERROR;
				CLANG_WARN_QUOTED_INCLUDE_IN_FRAMEWORK_HEADER = YES;
				CLANG_WARN_RANGE_LOOP_ANALYSIS = YES;
				CLANG_WARN_STRICT_PROTOTYPES = YES;
				CLANG_WARN_SUSPICIOUS_MOVE = YES;
				CLANG_WARN_UNGUARDED_AVAILABILITY = YES_AGGRESSIVE;
				CLANG_WARN_UNREACHABLE_CODE = YES;
				CLANG_WARN__DUPLICATE_METHOD_MATCH = YES;
				COPY_PHASE_STRIP = NO;
				DEBUG_INFORMATION_FORMAT = "dwarf-with-dsym";
				ENABLE_NS_ASSERTIONS = NO;
				ENABLE_STRICT_OBJC_MSGSEND = YES;
				GCC_C_LANGUAGE_STANDARD = gnu11;
				GCC_NO_COMMON_BLOCKS = YES;
				GCC_WARN_64_TO_32_BIT_CONVERSION = YES;
				GCC_WARN_ABOUT_RETURN_TYPE = YES_ERROR;
				GCC_WARN_UNDECLARED_SELECTOR = YES;
				GCC_WARN_UNINITIALIZED_AUTOS = YES_AGGRESSIVE;
				GCC_WARN_UNUSED_FUNCTION = YES;
				GCC_WARN_UNUSED_VARIABLE = YES;
				IPHONEOS_DEPLOYMENT_TARGET = 15.0;
				MTL_ENABLE_DEBUG_INFO = NO;
				MTL_FAST_MATH = YES;
				SDKROOT = iphoneos;
				SWIFT_COMPILATION_MODE = wholemodule;
				SWIFT_OPTIMIZATION_LEVEL = "-O";
				VALIDATE_PRODUCT = YES;
			};
			name = Release;
		};
		A59353C72752AF3B00DEE1ED /* Debug */ = {
			isa = XCBuildConfiguration;
			buildSettings = {
				ASSETCATALOG_COMPILER_APPICON_NAME = AppIcon;
				ASSETCATALOG_COMPILER_GLOBAL_ACCENT_COLOR_NAME = AccentColor;
				CODE_SIGN_STYLE = Automatic;
				CURRENT_PROJECT_VERSION = 1;
				DEVELOPMENT_ASSET_PATHS = "\"FamPlan/Preview Content\"";
				DEVELOPMENT_TEAM = 7Q3YXSXH96;
				ENABLE_PREVIEWS = YES;
				GENERATE_INFOPLIST_FILE = YES;
				INFOPLIST_FILE = FamPlan/Info.plist;
				INFOPLIST_KEY_UIApplicationSceneManifest_Generation = YES;
				INFOPLIST_KEY_UIApplicationSupportsIndirectInputEvents = YES;
				INFOPLIST_KEY_UILaunchScreen_Generation = YES;
				INFOPLIST_KEY_UISupportedInterfaceOrientations_iPad = "UIInterfaceOrientationPortrait UIInterfaceOrientationPortraitUpsideDown UIInterfaceOrientationLandscapeLeft UIInterfaceOrientationLandscapeRight";
				INFOPLIST_KEY_UISupportedInterfaceOrientations_iPhone = "UIInterfaceOrientationPortrait UIInterfaceOrientationLandscapeLeft UIInterfaceOrientationLandscapeRight";
				IPHONEOS_DEPLOYMENT_TARGET = 16.0;
				LD_RUNPATH_SEARCH_PATHS = (
					"$(inherited)",
					"@executable_path/Frameworks",
				);
				MARKETING_VERSION = 1.0;
				PRODUCT_BUNDLE_IDENTIFIER = andrewushakov.FamPlan;
				PRODUCT_NAME = "$(TARGET_NAME)";
				SWIFT_EMIT_LOC_STRINGS = YES;
				SWIFT_VERSION = 5.0;
				TARGETED_DEVICE_FAMILY = "1,2";
			};
			name = Debug;
		};
		A59353C82752AF3B00DEE1ED /* Release */ = {
			isa = XCBuildConfiguration;
			buildSettings = {
				ASSETCATALOG_COMPILER_APPICON_NAME = AppIcon;
				ASSETCATALOG_COMPILER_GLOBAL_ACCENT_COLOR_NAME = AccentColor;
				CODE_SIGN_STYLE = Automatic;
				CURRENT_PROJECT_VERSION = 1;
				DEVELOPMENT_ASSET_PATHS = "\"FamPlan/Preview Content\"";
				DEVELOPMENT_TEAM = 7Q3YXSXH96;
				ENABLE_PREVIEWS = YES;
				GENERATE_INFOPLIST_FILE = YES;
				INFOPLIST_FILE = FamPlan/Info.plist;
				INFOPLIST_KEY_UIApplicationSceneManifest_Generation = YES;
				INFOPLIST_KEY_UIApplicationSupportsIndirectInputEvents = YES;
				INFOPLIST_KEY_UILaunchScreen_Generation = YES;
				INFOPLIST_KEY_UISupportedInterfaceOrientations_iPad = "UIInterfaceOrientationPortrait UIInterfaceOrientationPortraitUpsideDown UIInterfaceOrientationLandscapeLeft UIInterfaceOrientationLandscapeRight";
				INFOPLIST_KEY_UISupportedInterfaceOrientations_iPhone = "UIInterfaceOrientationPortrait UIInterfaceOrientationLandscapeLeft UIInterfaceOrientationLandscapeRight";
				IPHONEOS_DEPLOYMENT_TARGET = 16.0;
				LD_RUNPATH_SEARCH_PATHS = (
					"$(inherited)",
					"@executable_path/Frameworks",
				);
				MARKETING_VERSION = 1.0;
				PRODUCT_BUNDLE_IDENTIFIER = andrewushakov.FamPlan;
				PRODUCT_NAME = "$(TARGET_NAME)";
				SWIFT_EMIT_LOC_STRINGS = YES;
				SWIFT_VERSION = 5.0;
				TARGETED_DEVICE_FAMILY = "1,2";
			};
			name = Release;
		};
/* End XCBuildConfiguration section */

/* Begin XCConfigurationList section */
		A59353AE2752AF3A00DEE1ED /* Build configuration list for PBXProject "FamPlan" */ = {
			isa = XCConfigurationList;
			buildConfigurations = (
				A59353C42752AF3B00DEE1ED /* Debug */,
				A59353C52752AF3B00DEE1ED /* Release */,
			);
			defaultConfigurationIsVisible = 0;
			defaultConfigurationName = Release;
		};
		A59353C62752AF3B00DEE1ED /* Build configuration list for PBXNativeTarget "FamPlan" */ = {
			isa = XCConfigurationList;
			buildConfigurations = (
				A59353C72752AF3B00DEE1ED /* Debug */,
				A59353C82752AF3B00DEE1ED /* Release */,
			);
			defaultConfigurationIsVisible = 0;
			defaultConfigurationName = Release;
		};
/* End XCConfigurationList section */
	};
	rootObject = A59353AB2752AF3A00DEE1ED /* Project object */;
}
